
Microsoft Visual Studio Solution File, Format Version 12.00
# Visual Studio Version 17
VisualStudioVersion = 17.2.32516.85
MinimumVisualStudioVersion = 10.0.40219.1
Project("{FAE04EC0-301F-11D3-BF4B-00C04F79EFBC}") = "car", "car\car.csproj", "{0BA3C3A6-982E-4DD1-88B6-582E24D68786}"
EndProject
Global
	GlobalSection(SolutionConfigurationPlatforms) = preSolution
		Debug|Any CPU = Debug|Any CPU
		Release|Any CPU = Release|Any CPU
	EndGlobalSection
	GlobalSection(ProjectConfigurationPlatforms) = postSolution
		{0BA3C3A6-982E-4DD1-88B6-582E24D68786}.Debug|Any CPU.ActiveCfg = Debug|Any CPU
		{0BA3C3A6-982E-4DD1-88B6-582E24D68786}.Debug|Any CPU.Build.0 = Debug|Any CPU
		{0BA3C3A6-982E-4DD1-88B6-582E24D68786}.Release|Any CPU.ActiveCfg = Release|Any CPU
		{0BA3C3A6-982E-4DD1-88B6-582E24D68786}.Release|Any CPU.Build.0 = Release|Any CPU
	EndGlobalSection
	GlobalSection(SolutionProperties) = preSolution
		HideSolutionNode = FALSE
	EndGlobalSection
	GlobalSection(ExtensibilityGlobals) = postSolution
		SolutionGuid = {DE62F0DF-AA5B-456C-A5E6-351D5E1F4E5D}
	EndGlobalSection
EndGlobal
